# Pinned benchmark corpus — repeatable proof inputs. One clip per line:
#   name | url | sha256 | ffmpeg-input-seek-args | scale | pixfmt | frames | fps
# fetch-corpus.sh downloads (cached), verifies the sha256, and extracts the
# pinned segment to raw YUV so the bench is byte-reproducible from the source.
#
# Big Buck Bunny (Blender Foundation, CC-BY 3.0) — the canonical free clip.
# Segment is a fixed 4s window; scaled to an even 640x360 (source is 640x359).
bbb | https://download.blender.org/peach/bigbuckbunny_movies/BigBuckBunny_640x360.m4v | 738e2f999860553d056dd79c952f58f63cbb73892a57c72342ce9e5330d9d2d7 | -ss 60 -t 4 | 640x360 | yuv420p | 48 | 24

# Deterministic synthetic torture clip for deband (max banding; no download).
# Generated by fetch-corpus.sh via lavfi gradients — fully reproducible.
synth-banding | lavfi:gradients | - | - | 640x360 | yuv420p | 24 | 25
