# RE-PINNED 2026-08-30 — THIS RESETS THE bbb BASELINE.
#
# The previous pin (download.blender.org BigBuckBunny_640x360.m4v, sha256 738e2f99...)
# is gone: the host returns nginx 404 for both HEAD and ranged GET and no mirror serves
# the same bytes, so `fetch-corpus.sh` could not materialise it on a cold machine.
#
# Replacement is the same content family and, deliberately, the same WORKLOAD SHAPE:
# 640x360 yuv420p and 48 extracted frames, so the decoded .yuv is byte-for-byte the same
# size (16,588,800) and the harness runs an identical amount of work. What changed is the
# PIXELS — a different encode and a different segment of Big Buck Bunny.
#
# Therefore: every absolute bbb number recorded in docs/development/bench-results.md
# before this date was measured against the OLD clip and is NOT comparable to anything
# measured after it. Re-baseline before quoting a bbb delta across that boundary.
# The synth-banding entry is unaffected (it is generated by lavfi, not downloaded).
#
# Pinned benchmark corpus — repeatable proof inputs. One clip per line:
#   name | url | sha256 | ffmpeg-input-seek-args | scale | pixfmt | frames | fps
# fetch-corpus.sh downloads (cached), verifies the sha256, and extracts the
# pinned segment to raw YUV so the bench is byte-reproducible from the source.
# Big Buck Bunny (Blender Foundation, CC-BY 3.0) — the canonical free clip.
# Segment is a fixed 4s window; scaled to an even 640x360 (source is 640x359).
bbb | https://test-videos.co.uk/vids/bigbuckbunny/mp4/h264/360/Big_Buck_Bunny_360_10s_30MB.mp4 | 1472c825b2936af0a23f1fb9d5f672423f71bc4b8f563f9db47fd767f01168dd | -ss 4 -t 2 | 640x360 | yuv420p | 48 | 30

# Deterministic synthetic torture clip for deband (max banding; no download).
# Generated by fetch-corpus.sh via lavfi gradients — fully reproducible.
synth-banding | lavfi:gradients | - | - | 640x360 | yuv420p | 24 | 25
